// !$*UTF8*$!
{
	archiveVersion = 1;
	classes = {
	};
	objectVersion = 50;
	objects = {

/* Begin PBXBuildFile section */
		2B00609A237E628200FC0DB7 /* CameraViewController.swift in Sources */ = {isa = PBXBuildFile; fileRef = 2B006099237E628200FC0DB7 /* CameraViewController.swift */; };
		2B0060A4237FDB6C00FC0DB7 /* GetGoogleApi.swift in Sources */ = {isa = PBXBuildFile; fileRef = 2B0060A3237FDB6C00FC0DB7 /* GetGoogleApi.swift */; };
		2B0060A623802A8600FC0DB7 /* ReturnJson.swift in Sources */ = {isa = PBXBuildFile; fileRef = 2B0060A523802A8600FC0DB7 /* ReturnJson.swift */; };
		2B38E8BA234B406A00B82C38 /* AppDelegate.swift in Sources */ = {isa = PBXBuildFile; fileRef = 2B38E8B9234B406A00B82C38 /* AppDelegate.swift */; };
		2B38E8BC234B406A00B82C38 /* SceneDelegate.swift in Sources */ = {isa = PBXBuildFile; fileRef = 2B38E8BB234B406A00B82C38 /* SceneDelegate.swift */; };
		2B38E8BE234B406A00B82C38 /* FirstViewController.swift in Sources */ = {isa = PBXBuildFile; fileRef = 2B38E8BD234B406A00B82C38 /* FirstViewController.swift */; };
		2B38E8C0234B406A00B82C38 /* PlaceViewController.swift in Sources */ = {isa = PBXBuildFile; fileRef = 2B38E8BF234B406A00B82C38 /* PlaceViewController.swift */; };
		2B38E8C3234B406A00B82C38 /* Main.storyboard in Resources */ = {isa = PBXBuildFile; fileRef = 2B38E8C1234B406A00B82C38 /* Main.storyboard */; };
		2B38E8C5234B406B00B82C38 /* Assets.xcassets in Resources */ = {isa = PBXBuildFile; fileRef = 2B38E8C4234B406B00B82C38 /* Assets.xcassets */; };
		2B38E8C8234B406B00B82C38 /* LaunchScreen.storyboard in Resources */ = {isa = PBXBuildFile; fileRef = 2B38E8C6234B406B00B82C38 /* LaunchScreen.storyboard */; };
		2B38E8D3234B406B00B82C38 /* BookLogVer2Tests.swift in Sources */ = {isa = PBXBuildFile; fileRef = 2B38E8D2234B406B00B82C38 /* BookLogVer2Tests.swift */; };
		2B38E8DE234B406C00B82C38 /* BookLogVer2UITests.swift in Sources */ = {isa = PBXBuildFile; fileRef = 2B38E8DD234B406C00B82C38 /* BookLogVer2UITests.swift */; };
		2B38E8EC234B57C900B82C38 /* AddController.swift in Sources */ = {isa = PBXBuildFile; fileRef = 2B38E8EB234B57C900B82C38 /* AddController.swift */; };
		61574103239A1A9C00A14227 /* EditViewController.swift in Sources */ = {isa = PBXBuildFile; fileRef = 61574102239A1A9C00A14227 /* EditViewController.swift */; };
		6176AAA023A34C4200FA98B9 /* SearchViewController.swift in Sources */ = {isa = PBXBuildFile; fileRef = 6176AA9F23A34C4200FA98B9 /* SearchViewController.swift */; };
		617CFBAD2393A1200067C596 /* DetailViewController.swift in Sources */ = {isa = PBXBuildFile; fileRef = 617CFBAC2393A1200067C596 /* DetailViewController.swift */; };
		61C075A82387A091004F5151 /* SearchTableViewCell.swift in Sources */ = {isa = PBXBuildFile; fileRef = 61C075A62387A091004F5151 /* SearchTableViewCell.swift */; };
		61C075A92387A091004F5151 /* SearchTableViewCell.xib in Resources */ = {isa = PBXBuildFile; fileRef = 61C075A72387A091004F5151 /* SearchTableViewCell.xib */; };
		61C075AF2387B2CD004F5151 /* Book.swift in Sources */ = {isa = PBXBuildFile; fileRef = 61C075AE2387B2CD004F5151 /* Book.swift */; };
		E635B14023A5D26A009A6E4A /* arrow_up.png in Resources */ = {isa = PBXBuildFile; fileRef = E635B13F23A5D26A009A6E4A /* arrow_up.png */; };
		E635B14223A5D26F009A6E4A /* arrow_down.png in Resources */ = {isa = PBXBuildFile; fileRef = E635B14123A5D26F009A6E4A /* arrow_down.png */; };
		E635B14623A8549A009A6E4A /* title.jpeg in Resources */ = {isa = PBXBuildFile; fileRef = E635B14523A85499009A6E4A /* title.jpeg */; };
		E65F246323AB418F0092BDE5 /* EnterViewController.swift in Sources */ = {isa = PBXBuildFile; fileRef = E65F246223AB418F0092BDE5 /* EnterViewController.swift */; };
		E65F246B23AC80D30092BDE5 /* MWcFR-zm.jpg-mediumのコピー.jpeg in Resources */ = {isa = PBXBuildFile; fileRef = E65F246A23AC80D20092BDE5 /* MWcFR-zm.jpg-mediumのコピー.jpeg */; };
		E6849FE423714DCD00734D1B /* CustomNavigationBar.swift in Sources */ = {isa = PBXBuildFile; fileRef = E6849FE323714DCD00734D1B /* CustomNavigationBar.swift */; };
		E6849FE623714DD300734D1B /* elly20160628465420_TP_V.jpg in Resources */ = {isa = PBXBuildFile; fileRef = E6849FE523714DD300734D1B /* elly20160628465420_TP_V.jpg */; };
		E6849FE823714DD700734D1B /* elly20160628465420_TP_Va.png in Resources */ = {isa = PBXBuildFile; fileRef = E6849FE723714DD700734D1B /* elly20160628465420_TP_Va.png */; };
		E6849FEA23714DE000734D1B /* TitleViewController.swift in Sources */ = {isa = PBXBuildFile; fileRef = E6849FE923714DE000734D1B /* TitleViewController.swift */; };
/* End PBXBuildFile section */

/* Begin PBXContainerItemProxy section */
		2B38E8CF234B406B00B82C38 /* PBXContainerItemProxy */ = {
			isa = PBXContainerItemProxy;
			containerPortal = 2B38E8AE234B406A00B82C38 /* Project object */;
			proxyType = 1;
			remoteGlobalIDString = 2B38E8B5234B406A00B82C38;
			remoteInfo = BookLogVer2;
		};
		2B38E8DA234B406C00B82C38 /* PBXContainerItemProxy */ = {
			isa = PBXContainerItemProxy;
			containerPortal = 2B38E8AE234B406A00B82C38 /* Project object */;
			proxyType = 1;
			remoteGlobalIDString = 2B38E8B5234B406A00B82C38;
			remoteInfo = BookLogVer2;
		};
/* End PBXContainerItemProxy section */

/* Begin PBXFileReference section */
		2B006099237E628200FC0DB7 /* CameraViewController.swift */ = {isa = PBXFileReference; lastKnownFileType = sourcecode.swift; path = CameraViewController.swift; sourceTree = "<group>"; };
		2B0060A3237FDB6C00FC0DB7 /* GetGoogleApi.swift */ = {isa = PBXFileReference; lastKnownFileType = sourcecode.swift; path = GetGoogleApi.swift; sourceTree = SOURCE_ROOT; };
		2B0060A523802A8600FC0DB7 /* ReturnJson.swift */ = {isa = PBXFileReference; lastKnownFileType = sourcecode.swift; path = ReturnJson.swift; sourceTree = "<group>"; };
		2B38E8B6234B406A00B82C38 /* BookLogVer2.app */ = {isa = PBXFileReference; explicitFileType = wrapper.application; includeInIndex = 0; path = BookLogVer2.app; sourceTree = BUILT_PRODUCTS_DIR; };
		2B38E8B9234B406A00B82C38 /* AppDelegate.swift */ = {isa = PBXFileReference; lastKnownFileType = sourcecode.swift; path = AppDelegate.swift; sourceTree = "<group>"; };
		2B38E8BB234B406A00B82C38 /* SceneDelegate.swift */ = {isa = PBXFileReference; lastKnownFileType = sourcecode.swift; path = SceneDelegate.swift; sourceTree = "<group>"; };
		2B38E8BD234B406A00B82C38 /* FirstViewController.swift */ = {isa = PBXFileReference; lastKnownFileType = sourcecode.swift; path = FirstViewController.swift; sourceTree = "<group>"; };
		2B38E8BF234B406A00B82C38 /* PlaceViewController.swift */ = {isa = PBXFileReference; lastKnownFileType = sourcecode.swift; path = PlaceViewController.swift; sourceTree = "<group>"; };
		2B38E8C2234B406A00B82C38 /* Base */ = {isa = PBXFileReference; lastKnownFileType = file.storyboard; name = Base; path = Base.lproj/Main.storyboard; sourceTree = "<group>"; };
		2B38E8C4234B406B00B82C38 /* Assets.xcassets */ = {isa = PBXFileReference; lastKnownFileType = folder.assetcatalog; path = Assets.xcassets; sourceTree = "<group>"; };
		2B38E8C7234B406B00B82C38 /* Base */ = {isa = PBXFileReference; lastKnownFileType = file.storyboard; name = Base; path = Base.lproj/LaunchScreen.storyboard; sourceTree = "<group>"; };
		2B38E8C9234B406B00B82C38 /* Info.plist */ = {isa = PBXFileReference; lastKnownFileType = text.plist.xml; path = Info.plist; sourceTree = "<group>"; };
		2B38E8CE234B406B00B82C38 /* BookLogVer2Tests.xctest */ = {isa = PBXFileReference; explicitFileType = wrapper.cfbundle; includeInIndex = 0; path = BookLogVer2Tests.xctest; sourceTree = BUILT_PRODUCTS_DIR; };
		2B38E8D2234B406B00B82C38 /* BookLogVer2Tests.swift */ = {isa = PBXFileReference; lastKnownFileType = sourcecode.swift; path = BookLogVer2Tests.swift; sourceTree = "<group>"; };
		2B38E8D4234B406B00B82C38 /* Info.plist */ = {isa = PBXFileReference; lastKnownFileType = text.plist.xml; path = Info.plist; sourceTree = "<group>"; };
		2B38E8D9234B406C00B82C38 /* BookLogVer2UITests.xctest */ = {isa = PBXFileReference; explicitFileType = wrapper.cfbundle; includeInIndex = 0; path = BookLogVer2UITests.xctest; sourceTree = BUILT_PRODUCTS_DIR; };
		2B38E8DD234B406C00B82C38 /* BookLogVer2UITests.swift */ = {isa = PBXFileReference; lastKnownFileType = sourcecode.swift; path = BookLogVer2UITests.swift; sourceTree = "<group>"; };
		2B38E8DF234B406C00B82C38 /* Info.plist */ = {isa = PBXFileReference; lastKnownFileType = text.plist.xml; path = Info.plist; sourceTree = "<group>"; };
		2B38E8EB234B57C900B82C38 /* AddController.swift */ = {isa = PBXFileReference; lastKnownFileType = sourcecode.swift; path = AddController.swift; sourceTree = "<group>"; };
		61574102239A1A9C00A14227 /* EditViewController.swift */ = {isa = PBXFileReference; lastKnownFileType = sourcecode.swift; path = EditViewController.swift; sourceTree = "<group>"; };
		6176AA9F23A34C4200FA98B9 /* SearchViewController.swift */ = {isa = PBXFileReference; lastKnownFileType = sourcecode.swift; path = SearchViewController.swift; sourceTree = "<group>"; };
		617CFBAC2393A1200067C596 /* DetailViewController.swift */ = {isa = PBXFileReference; lastKnownFileType = sourcecode.swift; path = DetailViewController.swift; sourceTree = "<group>"; };
		61C075A62387A091004F5151 /* SearchTableViewCell.swift */ = {isa = PBXFileReference; lastKnownFileType = sourcecode.swift; path = SearchTableViewCell.swift; sourceTree = "<group>"; };
		61C075A72387A091004F5151 /* SearchTableViewCell.xib */ = {isa = PBXFileReference; lastKnownFileType = file.xib; path = SearchTableViewCell.xib; sourceTree = "<group>"; };
		61C075AE2387B2CD004F5151 /* Book.swift */ = {isa = PBXFileReference; lastKnownFileType = sourcecode.swift; path = Book.swift; sourceTree = "<group>"; };
		E635B13F23A5D26A009A6E4A /* arrow_up.png */ = {isa = PBXFileReference; lastKnownFileType = image.png; path = arrow_up.png; sourceTree = "<group>"; };
		E635B14123A5D26F009A6E4A /* arrow_down.png */ = {isa = PBXFileReference; lastKnownFileType = image.png; path = arrow_down.png; sourceTree = "<group>"; };
		E635B14523A85499009A6E4A /* title.jpeg */ = {isa = PBXFileReference; lastKnownFileType = image.jpeg; name = title.jpeg; path = ../../../../Downloads/title.jpeg; sourceTree = "<group>"; };
		E65F246223AB418F0092BDE5 /* EnterViewController.swift */ = {isa = PBXFileReference; lastKnownFileType = sourcecode.swift; path = EnterViewController.swift; sourceTree = "<group>"; };
		E65F246A23AC80D20092BDE5 /* MWcFR-zm.jpg-mediumのコピー.jpeg */ = {isa = PBXFileReference; lastKnownFileType = image.jpeg; path = "MWcFR-zm.jpg-mediumのコピー.jpeg"; sourceTree = "<group>"; };
		E6849FE323714DCD00734D1B /* CustomNavigationBar.swift */ = {isa = PBXFileReference; fileEncoding = 4; lastKnownFileType = sourcecode.swift; path = CustomNavigationBar.swift; sourceTree = "<group>"; };
		E6849FE523714DD300734D1B /* elly20160628465420_TP_V.jpg */ = {isa = PBXFileReference; lastKnownFileType = image.jpeg; path = elly20160628465420_TP_V.jpg; sourceTree = "<group>"; };
		E6849FE723714DD700734D1B /* elly20160628465420_TP_Va.png */ = {isa = PBXFileReference; lastKnownFileType = image.png; path = elly20160628465420_TP_Va.png; sourceTree = "<group>"; };
		E6849FE923714DE000734D1B /* TitleViewController.swift */ = {isa = PBXFileReference; fileEncoding = 4; lastKnownFileType = sourcecode.swift; path = TitleViewController.swift; sourceTree = "<group>"; };
/* End PBXFileReference section */

/* Begin PBXFrameworksBuildPhase section */
		2B38E8B3234B406A00B82C38 /* Frameworks */ = {
			isa = PBXFrameworksBuildPhase;
			buildActionMask = 2147483647;
			files = (
			);
			runOnlyForDeploymentPostprocessing = 0;
		};
		2B38E8CB234B406B00B82C38 /* Frameworks */ = {
			isa = PBXFrameworksBuildPhase;
			buildActionMask = 2147483647;
			files = (
			);
			runOnlyForDeploymentPostprocessing = 0;
		};
		2B38E8D6234B406C00B82C38 /* Frameworks */ = {
			isa = PBXFrameworksBuildPhase;
			buildActionMask = 2147483647;
			files = (
			);
			runOnlyForDeploymentPostprocessing = 0;
		};
/* End PBXFrameworksBuildPhase section */

/* Begin PBXGroup section */
		2B38E8AD234B406A00B82C38 = {
			isa = PBXGroup;
			children = (
				2B38E8B8234B406A00B82C38 /* BookLogVer2 */,
				2B38E8D1234B406B00B82C38 /* BookLogVer2Tests */,
				2B38E8DC234B406C00B82C38 /* BookLogVer2UITests */,
				2B38E8B7234B406A00B82C38 /* Products */,
			);
			sourceTree = "<group>";
		};
		2B38E8B7234B406A00B82C38 /* Products */ = {
			isa = PBXGroup;
			children = (
				2B38E8B6234B406A00B82C38 /* BookLogVer2.app */,
				2B38E8CE234B406B00B82C38 /* BookLogVer2Tests.xctest */,
				2B38E8D9234B406C00B82C38 /* BookLogVer2UITests.xctest */,
			);
			name = Products;
			sourceTree = "<group>";
		};
		2B38E8B8234B406A00B82C38 /* BookLogVer2 */ = {
			isa = PBXGroup;
			children = (
				2B38E8B9234B406A00B82C38 /* AppDelegate.swift */,
				2B38E8BB234B406A00B82C38 /* SceneDelegate.swift */,
				6176AA9F23A34C4200FA98B9 /* SearchViewController.swift */,
				61574102239A1A9C00A14227 /* EditViewController.swift */,
				61C075A62387A091004F5151 /* SearchTableViewCell.swift */,
				61C075A72387A091004F5151 /* SearchTableViewCell.xib */,
				2B0060A523802A8600FC0DB7 /* ReturnJson.swift */,
				61C075AE2387B2CD004F5151 /* Book.swift */,
				2B0060A3237FDB6C00FC0DB7 /* GetGoogleApi.swift */,
				2B38E8C1234B406A00B82C38 /* Main.storyboard */,
				E65F246223AB418F0092BDE5 /* EnterViewController.swift */,
				617CFBAC2393A1200067C596 /* DetailViewController.swift */,
				2B006099237E628200FC0DB7 /* CameraViewController.swift */,
				2B38E8BD234B406A00B82C38 /* FirstViewController.swift */,
				2B38E8EB234B57C900B82C38 /* AddController.swift */,
				2B38E8BF234B406A00B82C38 /* PlaceViewController.swift */,
				E6849FE323714DCD00734D1B /* CustomNavigationBar.swift */,
				E6849FE923714DE000734D1B /* TitleViewController.swift */,
				E635B13F23A5D26A009A6E4A /* arrow_up.png */,
				E635B14123A5D26F009A6E4A /* arrow_down.png */,
				E6849FE723714DD700734D1B /* elly20160628465420_TP_Va.png */,
				E6849FE523714DD300734D1B /* elly20160628465420_TP_V.jpg */,
				E65F246A23AC80D20092BDE5 /* MWcFR-zm.jpg-mediumのコピー.jpeg */,
				E635B14523A85499009A6E4A /* title.jpeg */,
				2B38E8C4234B406B00B82C38 /* Assets.xcassets */,
				2B38E8C6234B406B00B82C38 /* LaunchScreen.storyboard */,
				2B38E8C9234B406B00B82C38 /* Info.plist */,
			);
			path = BookLogVer2;
			sourceTree = "<group>";
		};
		2B38E8D1234B406B00B82C38 /* BookLogVer2Tests */ = {
			isa = PBXGroup;
			children = (
				2B38E8D2234B406B00B82C38 /* BookLogVer2Tests.swift */,
				2B38E8D4234B406B00B82C38 /* Info.plist */,
			);
			path = BookLogVer2Tests;
			sourceTree = "<group>";
		};
		2B38E8DC234B406C00B82C38 /* BookLogVer2UITests */ = {
			isa = PBXGroup;
			children = (
				2B38E8DD234B406C00B82C38 /* BookLogVer2UITests.swift */,
				2B38E8DF234B406C00B82C38 /* Info.plist */,
			);
			path = BookLogVer2UITests;
			sourceTree = "<group>";
		};
/* End PBXGroup section */

/* Begin PBXNativeTarget section */
		2B38E8B5234B406A00B82C38 /* BookLogVer2 */ = {
			isa = PBXNativeTarget;
			buildConfigurationList = 2B38E8E2234B406C00B82C38 /* Build configuration list for PBXNativeTarget "BookLogVer2" */;
			buildPhases = (
				2B38E8B2234B406A00B82C38 /* Sources */,
				2B38E8B3234B406A00B82C38 /* Frameworks */,
				2B38E8B4234B406A00B82C38 /* Resources */,
			);
			buildRules = (
			);
			dependencies = (
			);
			name = BookLogVer2;
			productName = BookLogVer2;
			productReference = 2B38E8B6234B406A00B82C38 /* BookLogVer2.app */;
			productType = "com.apple.product-type.application";
		};
		2B38E8CD234B406B00B82C38 /* BookLogVer2Tests */ = {
			isa = PBXNativeTarget;
			buildConfigurationList = 2B38E8E5234B406C00B82C38 /* Build configuration list for PBXNativeTarget "BookLogVer2Tests" */;
			buildPhases = (
				2B38E8CA234B406B00B82C38 /* Sources */,
				2B38E8CB234B406B00B82C38 /* Frameworks */,
				2B38E8CC234B406B00B82C38 /* Resources */,
			);
			buildRules = (
			);
			dependencies = (
				2B38E8D0234B406B00B82C38 /* PBXTargetDependency */,
			);
			name = BookLogVer2Tests;
			productName = BookLogVer2Tests;
			productReference = 2B38E8CE234B406B00B82C38 /* BookLogVer2Tests.xctest */;
			productType = "com.apple.product-type.bundle.unit-test";
		};
		2B38E8D8234B406C00B82C38 /* BookLogVer2UITests */ = {
			isa = PBXNativeTarget;
			buildConfigurationList = 2B38E8E8234B406C00B82C38 /* Build configuration list for PBXNativeTarget "BookLogVer2UITests" */;
			buildPhases = (
				2B38E8D5234B406C00B82C38 /* Sources */,
				2B38E8D6234B406C00B82C38 /* Frameworks */,
				2B38E8D7234B406C00B82C38 /* Resources */,
			);
			buildRules = (
			);
			dependencies = (
				2B38E8DB234B406C00B82C38 /* PBXTargetDependency */,
			);
			name = BookLogVer2UITests;
			productName = BookLogVer2UITests;
			productReference = 2B38E8D9234B406C00B82C38 /* BookLogVer2UITests.xctest */;
			productType = "com.apple.product-type.bundle.ui-testing";
		};
/* End PBXNativeTarget section */

/* Begin PBXProject section */
		2B38E8AE234B406A00B82C38 /* Project object */ = {
			isa = PBXProject;
			attributes = {
				LastSwiftUpdateCheck = 1100;
				LastUpgradeCheck = 1100;
				ORGANIZATIONNAME = "kisho shiraishi";
				TargetAttributes = {
					2B38E8B5234B406A00B82C38 = {
						CreatedOnToolsVersion = 11.0;
					};
					2B38E8CD234B406B00B82C38 = {
						CreatedOnToolsVersion = 11.0;
						TestTargetID = 2B38E8B5234B406A00B82C38;
					};
					2B38E8D8234B406C00B82C38 = {
						CreatedOnToolsVersion = 11.0;
						TestTargetID = 2B38E8B5234B406A00B82C38;
					};
				};
			};
			buildConfigurationList = 2B38E8B1234B406A00B82C38 /* Build configuration list for PBXProject "BookLogVer2" */;
			compatibilityVersion = "Xcode 9.3";
			developmentRegion = en;
			hasScannedForEncodings = 0;
			knownRegions = (
				en,
				Base,
			);
			mainGroup = 2B38E8AD234B406A00B82C38;
			productRefGroup = 2B38E8B7234B406A00B82C38 /* Products */;
			projectDirPath = "";
			projectRoot = "";
			targets = (
				2B38E8B5234B406A00B82C38 /* BookLogVer2 */,
				2B38E8CD234B406B00B82C38 /* BookLogVer2Tests */,
				2B38E8D8234B406C00B82C38 /* BookLogVer2UITests */,
			);
		};
/* End PBXProject section */

/* Begin PBXResourcesBuildPhase section */
		2B38E8B4234B406A00B82C38 /* Resources */ = {
			isa = PBXResourcesBuildPhase;
			buildActionMask = 2147483647;
			files = (
				2B38E8C8234B406B00B82C38 /* LaunchScreen.storyboard in Resources */,
				2B38E8C5234B406B00B82C38 /* Assets.xcassets in Resources */,
				E6849FE823714DD700734D1B /* elly20160628465420_TP_Va.png in Resources */,
				E6849FE623714DD300734D1B /* elly20160628465420_TP_V.jpg in Resources */,
				E635B14223A5D26F009A6E4A /* arrow_down.png in Resources */,
				E635B14623A8549A009A6E4A /* title.jpeg in Resources */,
				2B38E8C3234B406A00B82C38 /* Main.storyboard in Resources */,
				61C075A92387A091004F5151 /* SearchTableViewCell.xib in Resources */,
				E635B14023A5D26A009A6E4A /* arrow_up.png in Resources */,
				E65F246B23AC80D30092BDE5 /* MWcFR-zm.jpg-mediumのコピー.jpeg in Resources */,
			);
			runOnlyForDeploymentPostprocessing = 0;
		};
		2B38E8CC234B406B00B82C38 /* Resources */ = {
			isa = PBXResourcesBuildPhase;
			buildActionMask = 2147483647;
			files = (
			);
			runOnlyForDeploymentPostprocessing = 0;
		};
		2B38E8D7234B406C00B82C38 /* Resources */ = {
			isa = PBXResourcesBuildPhase;
			buildActionMask = 2147483647;
			files = (
			);
			runOnlyForDeploymentPostprocessing = 0;
		};
/* End PBXResourcesBuildPhase section */

/* Begin PBXSourcesBuildPhase section */
		2B38E8B2234B406A00B82C38 /* Sources */ = {
			isa = PBXSourcesBuildPhase;
			buildActionMask = 2147483647;
			files = (
				6176AAA023A34C4200FA98B9 /* SearchViewController.swift in Sources */,
				E6849FE423714DCD00734D1B /* CustomNavigationBar.swift in Sources */,
				E65F246323AB418F0092BDE5 /* EnterViewController.swift in Sources */,
				2B0060A623802A8600FC0DB7 /* ReturnJson.swift in Sources */,
				2B38E8C0234B406A00B82C38 /* PlaceViewController.swift in Sources */,
				2B38E8EC234B57C900B82C38 /* AddController.swift in Sources */,
				61C075A82387A091004F5151 /* SearchTableViewCell.swift in Sources */,
				61574103239A1A9C00A14227 /* EditViewController.swift in Sources */,
				E6849FEA23714DE000734D1B /* TitleViewController.swift in Sources */,
				2B38E8BE234B406A00B82C38 /* FirstViewController.swift in Sources */,
				2B00609A237E628200FC0DB7 /* CameraViewController.swift in Sources */,
				2B38E8BA234B406A00B82C38 /* AppDelegate.swift in Sources */,
				2B38E8BC234B406A00B82C38 /* SceneDelegate.swift in Sources */,
				61C075AF2387B2CD004F5151 /* Book.swift in Sources */,
				2B0060A4237FDB6C00FC0DB7 /* GetGoogleApi.swift in Sources */,
				617CFBAD2393A1200067C596 /* DetailViewController.swift in Sources */,
			);
			runOnlyForDeploymentPostprocessing = 0;
		};
		2B38E8CA234B406B00B82C38 /* Sources */ = {
			isa = PBXSourcesBuildPhase;
			buildActionMask = 2147483647;
			files = (
				2B38E8D3234B406B00B82C38 /* BookLogVer2Tests.swift in Sources */,
			);
			runOnlyForDeploymentPostprocessing = 0;
		};
		2B38E8D5234B406C00B82C38 /* Sources */ = {
			isa = PBXSourcesBuildPhase;
			buildActionMask = 2147483647;
			files = (
				2B38E8DE234B406C00B82C38 /* BookLogVer2UITests.swift in Sources */,
			);
			runOnlyForDeploymentPostprocessing = 0;
		};
/* End PBXSourcesBuildPhase section */

/* Begin PBXTargetDependency section */
		2B38E8D0234B406B00B82C38 /* PBXTargetDependency */ = {
			isa = PBXTargetDependency;
			target = 2B38E8B5234B406A00B82C38 /* BookLogVer2 */;
			targetProxy = 2B38E8CF234B406B00B82C38 /* PBXContainerItemProxy */;
		};
		2B38E8DB234B406C00B82C38 /* PBXTargetDependency */ = {
			isa = PBXTargetDependency;
			target = 2B38E8B5234B406A00B82C38 /* BookLogVer2 */;
			targetProxy = 2B38E8DA234B406C00B82C38 /* PBXContainerItemProxy */;
		};
/* End PBXTargetDependency section */

/* Begin PBXVariantGroup section */
		2B38E8C1234B406A00B82C38 /* Main.storyboard */ = {
			isa = PBXVariantGroup;
			children = (
				2B38E8C2234B406A00B82C38 /* Base */,
			);
			name = Main.storyboard;
			sourceTree = "<group>";
		};
		2B38E8C6234B406B00B82C38 /* LaunchScreen.storyboard */ = {
			isa = PBXVariantGroup;
			children = (
				2B38E8C7234B406B00B82C38 /* Base */,
			);
			name = LaunchScreen.storyboard;
			sourceTree = "<group>";
		};
/* End PBXVariantGroup section */

/* Begin XCBuildConfiguration section */
		2B38E8E0234B406C00B82C38 /* Debug */ = {
			isa = XCBuildConfiguration;
			buildSettings = {
				ALWAYS_SEARCH_USER_PATHS = NO;
				CLANG_ANALYZER_NONNULL = YES;
				CLANG_ANALYZER_NUMBER_OBJECT_CONVERSION = YES_AGGRESSIVE;
				CLANG_CXX_LANGUAGE_STANDARD = "gnu++14";
				CLANG_CXX_LIBRARY = "libc++";
				CLANG_ENABLE_MODULES = YES;
				CLANG_ENABLE_OBJC_ARC = YES;
				CLANG_ENABLE_OBJC_WEAK = YES;
				CLANG_WARN_BLOCK_CAPTURE_AUTORELEASING = YES;
				CLANG_WARN_BOOL_CONVERSION = YES;
				CLANG_WARN_COMMA = YES;
				CLANG_WARN_CONSTANT_CONVERSION = YES;
				CLANG_WARN_DEPRECATED_OBJC_IMPLEMENTATIONS = YES;
				CLANG_WARN_DIRECT_OBJC_ISA_USAGE = YES_ERROR;
				CLANG_WARN_DOCUMENTATION_COMMENTS = YES;
				CLANG_WARN_EMPTY_BODY = YES;
				CLANG_WARN_ENUM_CONVERSION = YES;
				CLANG_WARN_INFINITE_RECURSION = YES;
				CLANG_WARN_INT_CONVERSION = YES;
				CLANG_WARN_NON_LITERAL_NULL_CONVERSION = YES;
				CLANG_WARN_OBJC_IMPLICIT_RETAIN_SELF = YES;
				CLANG_WARN_OBJC_LITERAL_CONVERSION = YES;
				CLANG_WARN_OBJC_ROOT_CLASS = YES_ERROR;
				CLANG_WARN_RANGE_LOOP_ANALYSIS = YES;
				CLANG_WARN_STRICT_PROTOTYPES = YES;
				CLANG_WARN_SUSPICIOUS_MOVE = YES;
				CLANG_WARN_UNGUARDED_AVAILABILITY = YES_AGGRESSIVE;
				CLANG_WARN_UNREACHABLE_CODE = YES;
				CLANG_WARN__DUPLICATE_METHOD_MATCH = YES;
				COPY_PHASE_STRIP = NO;
				DEBUG_INFORMATION_FORMAT = dwarf;
				ENABLE_STRICT_OBJC_MSGSEND = YES;
				ENABLE_TESTABILITY = YES;
				GCC_C_LANGUAGE_STANDARD = gnu11;
				GCC_DYNAMIC_NO_PIC = NO;
				GCC_NO_COMMON_BLOCKS = YES;
				GCC_OPTIMIZATION_LEVEL = 0;
				GCC_PREPROCESSOR_DEFINITIONS = (
					"DEBUG=1",
					"$(inherited)",
				);
				GCC_WARN_64_TO_32_BIT_CONVERSION = YES;
				GCC_WARN_ABOUT_RETURN_TYPE = YES_ERROR;
				GCC_WARN_UNDECLARED_SELECTOR = YES;
				GCC_WARN_UNINITIALIZED_AUTOS = YES_AGGRESSIVE;
				GCC_WARN_UNUSED_FUNCTION = YES;
				GCC_WARN_UNUSED_VARIABLE = YES;
				IPHONEOS_DEPLOYMENT_TARGET = 13.0;
				MTL_ENABLE_DEBUG_INFO = INCLUDE_SOURCE;
				MTL_FAST_MATH = YES;
				ONLY_ACTIVE_ARCH = YES;
				SDKROOT = iphoneos;
				SWIFT_ACTIVE_COMPILATION_CONDITIONS = DEBUG;
				SWIFT_OPTIMIZATION_LEVEL = "-Onone";
			};
			name = Debug;
		};
		2B38E8E1234B406C00B82C38 /* Release */ = {
			isa = XCBuildConfiguration;
			buildSettings = {
				ALWAYS_SEARCH_USER_PATHS = NO;
				CLANG_ANALYZER_NONNULL = YES;
				CLANG_ANALYZER_NUMBER_OBJECT_CONVERSION = YES_AGGRESSIVE;
				CLANG_CXX_LANGUAGE_STANDARD = "gnu++14";
				CLANG_CXX_LIBRARY = "libc++";
				CLANG_ENABLE_MODULES = YES;
				CLANG_ENABLE_OBJC_ARC = YES;
				CLANG_ENABLE_OBJC_WEAK = YES;
				CLANG_WARN_BLOCK_CAPTURE_AUTORELEASING = YES;
				CLANG_WARN_BOOL_CONVERSION = YES;
				CLANG_WARN_COMMA = YES;
				CLANG_WARN_CONSTANT_CONVERSION = YES;
				CLANG_WARN_DEPRECATED_OBJC_IMPLEMENTATIONS = YES;
				CLANG_WARN_DIRECT_OBJC_ISA_USAGE = YES_ERROR;
				CLANG_WARN_DOCUMENTATION_COMMENTS = YES;
				CLANG_WARN_EMPTY_BODY = YES;
				CLANG_WARN_ENUM_CONVERSION = YES;
				CLANG_WARN_INFINITE_RECURSION = YES;
				CLANG_WARN_INT_CONVERSION = YES;
				CLANG_WARN_NON_LITERAL_NULL_CONVERSION = YES;
				CLANG_WARN_OBJC_IMPLICIT_RETAIN_SELF = YES;
				CLANG_WARN_OBJC_LITERAL_CONVERSION = YES;
				CLANG_WARN_OBJC_ROOT_CLASS = YES_ERROR;
				CLANG_WARN_RANGE_LOOP_ANALYSIS = YES;
				CLANG_WARN_STRICT_PROTOTYPES = YES;
				CLANG_WARN_SUSPICIOUS_MOVE = YES;
				CLANG_WARN_UNGUARDED_AVAILABILITY = YES_AGGRESSIVE;
				CLANG_WARN_UNREACHABLE_CODE = YES;
				CLANG_WARN__DUPLICATE_METHOD_MATCH = YES;
				COPY_PHASE_STRIP = NO;
				DEBUG_INFORMATION_FORMAT = "dwarf-with-dsym";
				ENABLE_NS_ASSERTIONS = NO;
				ENABLE_STRICT_OBJC_MSGSEND = YES;
				GCC_C_LANGUAGE_STANDARD = gnu11;
				GCC_NO_COMMON_BLOCKS = YES;
				GCC_WARN_64_TO_32_BIT_CONVERSION = YES;
				GCC_WARN_ABOUT_RETURN_TYPE = YES_ERROR;
				GCC_WARN_UNDECLARED_SELECTOR = YES;
				GCC_WARN_UNINITIALIZED_AUTOS = YES_AGGRESSIVE;
				GCC_WARN_UNUSED_FUNCTION = YES;
				GCC_WARN_UNUSED_VARIABLE = YES;
				IPHONEOS_DEPLOYMENT_TARGET = 13.0;
				MTL_ENABLE_DEBUG_INFO = NO;
				MTL_FAST_MATH = YES;
				SDKROOT = iphoneos;
				SWIFT_COMPILATION_MODE = wholemodule;
				SWIFT_OPTIMIZATION_LEVEL = "-O";
				VALIDATE_PRODUCT = YES;
			};
			name = Release;
		};
		2B38E8E3234B406C00B82C38 /* Debug */ = {
			isa = XCBuildConfiguration;
			buildSettings = {
				ASSETCATALOG_COMPILER_APPICON_NAME = AppIcon;
				CODE_SIGN_STYLE = Automatic;
				DEVELOPMENT_TEAM = 6U5TA7SYQ5;
				INFOPLIST_FILE = BookLogVer2/Info.plist;
				LD_RUNPATH_SEARCH_PATHS = (
					"$(inherited)",
					"@executable_path/Frameworks",
				);
				PRODUCT_BUNDLE_IDENTIFIER = testes.BookLogVer2;
				PRODUCT_NAME = "$(TARGET_NAME)";
				SWIFT_VERSION = 5.0;
				TARGETED_DEVICE_FAMILY = "1,2";
			};
			name = Debug;
		};
		2B38E8E4234B406C00B82C38 /* Release */ = {
			isa = XCBuildConfiguration;
			buildSettings = {
				ASSETCATALOG_COMPILER_APPICON_NAME = AppIcon;
				CODE_SIGN_STYLE = Automatic;
				DEVELOPMENT_TEAM = 6U5TA7SYQ5;
				INFOPLIST_FILE = BookLogVer2/Info.plist;
				LD_RUNPATH_SEARCH_PATHS = (
					"$(inherited)",
					"@executable_path/Frameworks",
				);
				PRODUCT_BUNDLE_IDENTIFIER = testes.BookLogVer2;
				PRODUCT_NAME = "$(TARGET_NAME)";
				SWIFT_VERSION = 5.0;
				TARGETED_DEVICE_FAMILY = "1,2";
			};
			name = Release;
		};
		2B38E8E6234B406C00B82C38 /* Debug */ = {
			isa = XCBuildConfiguration;
			buildSettings = {
				ALWAYS_EMBED_SWIFT_STANDARD_LIBRARIES = YES;
				BUNDLE_LOADER = "$(TEST_HOST)";
				CODE_SIGN_STYLE = Automatic;
				DEVELOPMENT_TEAM = 6U5TA7SYQ5;
				INFOPLIST_FILE = BookLogVer2Tests/Info.plist;
				IPHONEOS_DEPLOYMENT_TARGET = 13.0;
				LD_RUNPATH_SEARCH_PATHS = (
					"$(inherited)",
					"@executable_path/Frameworks",
					"@loader_path/Frameworks",
				);
				PRODUCT_BUNDLE_IDENTIFIER = testes.BookLogVer2Tests;
				PRODUCT_NAME = "$(TARGET_NAME)";
				SWIFT_VERSION = 5.0;
				TARGETED_DEVICE_FAMILY = "1,2";
				TEST_HOST = "$(BUILT_PRODUCTS_DIR)/BookLogVer2.app/BookLogVer2";
			};
			name = Debug;
		};
		2B38E8E7234B406C00B82C38 /* Release */ = {
			isa = XCBuildConfiguration;
			buildSettings = {
				ALWAYS_EMBED_SWIFT_STANDARD_LIBRARIES = YES;
				BUNDLE_LOADER = "$(TEST_HOST)";
				CODE_SIGN_STYLE = Automatic;
				DEVELOPMENT_TEAM = 6U5TA7SYQ5;
				INFOPLIST_FILE = BookLogVer2Tests/Info.plist;
				IPHONEOS_DEPLOYMENT_TARGET = 13.0;
				LD_RUNPATH_SEARCH_PATHS = (
					"$(inherited)",
					"@executable_path/Frameworks",
					"@loader_path/Frameworks",
				);
				PRODUCT_BUNDLE_IDENTIFIER = testes.BookLogVer2Tests;
				PRODUCT_NAME = "$(TARGET_NAME)";
				SWIFT_VERSION = 5.0;
				TARGETED_DEVICE_FAMILY = "1,2";
				TEST_HOST = "$(BUILT_PRODUCTS_DIR)/BookLogVer2.app/BookLogVer2";
			};
			name = Release;
		};
		2B38E8E9234B406C00B82C38 /* Debug */ = {
			isa = XCBuildConfiguration;
			buildSettings = {
				ALWAYS_EMBED_SWIFT_STANDARD_LIBRARIES = YES;
				CODE_SIGN_STYLE = Automatic;
				DEVELOPMENT_TEAM = 6U5TA7SYQ5;
				INFOPLIST_FILE = BookLogVer2UITests/Info.plist;
				LD_RUNPATH_SEARCH_PATHS = (
					"$(inherited)",
					"@executable_path/Frameworks",
					"@loader_path/Frameworks",
				);
				PRODUCT_BUNDLE_IDENTIFIER = testes.BookLogVer2UITests;
				PRODUCT_NAME = "$(TARGET_NAME)";
				SWIFT_VERSION = 5.0;
				TARGETED_DEVICE_FAMILY = "1,2";
				TEST_TARGET_NAME = BookLogVer2;
			};
			name = Debug;
		};
		2B38E8EA234B406C00B82C38 /* Release */ = {
			isa = XCBuildConfiguration;
			buildSettings = {
				ALWAYS_EMBED_SWIFT_STANDARD_LIBRARIES = YES;
				CODE_SIGN_STYLE = Automatic;
				DEVELOPMENT_TEAM = 6U5TA7SYQ5;
				INFOPLIST_FILE = BookLogVer2UITests/Info.plist;
				LD_RUNPATH_SEARCH_PATHS = (
					"$(inherited)",
					"@executable_path/Frameworks",
					"@loader_path/Frameworks",
				);
				PRODUCT_BUNDLE_IDENTIFIER = testes.BookLogVer2UITests;
				PRODUCT_NAME = "$(TARGET_NAME)";
				SWIFT_VERSION = 5.0;
				TARGETED_DEVICE_FAMILY = "1,2";
				TEST_TARGET_NAME = BookLogVer2;
			};
			name = Release;
		};
/* End XCBuildConfiguration section */

/* Begin XCConfigurationList section */
		2B38E8B1234B406A00B82C38 /* Build configuration list for PBXProject "BookLogVer2" */ = {
			isa = XCConfigurationList;
			buildConfigurations = (
				2B38E8E0234B406C00B82C38 /* Debug */,
				2B38E8E1234B406C00B82C38 /* Release */,
			);
			defaultConfigurationIsVisible = 0;
			defaultConfigurationName = Release;
		};
		2B38E8E2234B406C00B82C38 /* Build configuration list for PBXNativeTarget "BookLogVer2" */ = {
			isa = XCConfigurationList;
			buildConfigurations = (
				2B38E8E3234B406C00B82C38 /* Debug */,
				2B38E8E4234B406C00B82C38 /* Release */,
			);
			defaultConfigurationIsVisible = 0;
			defaultConfigurationName = Release;
		};
		2B38E8E5234B406C00B82C38 /* Build configuration list for PBXNativeTarget "BookLogVer2Tests" */ = {
			isa = XCConfigurationList;
			buildConfigurations = (
				2B38E8E6234B406C00B82C38 /* Debug */,
				2B38E8E7234B406C00B82C38 /* Release */,
			);
			defaultConfigurationIsVisible = 0;
			defaultConfigurationName = Release;
		};
		2B38E8E8234B406C00B82C38 /* Build configuration list for PBXNativeTarget "BookLogVer2UITests" */ = {
			isa = XCConfigurationList;
			buildConfigurations = (
				2B38E8E9234B406C00B82C38 /* Debug */,
				2B38E8EA234B406C00B82C38 /* Release */,
			);
			defaultConfigurationIsVisible = 0;
			defaultConfigurationName = Release;
		};
/* End XCConfigurationList section */
	};
	rootObject = 2B38E8AE234B406A00B82C38 /* Project object */;
}
